
Microsoft Visual Studio Solution File, Format Version 12.00
# Visual Studio 14
VisualStudioVersion = 14.0.25420.1
MinimumVisualStudioVersion = 10.0.40219.1
Project("{FAE04EC0-301F-11D3-BF4B-00C04F79EFBC}") = "SciterBootstrap", "SciterBootstrap\SciterBootstrap.csproj", "{FABEBB54-7E6E-4DCD-A4A3-D713EA38731B}"
EndProject
Project("{FAE04EC0-301F-11D3-BF4B-00C04F79EFBC}") = "NativeWebcam", "NativeWebcam\NativeWebcam.csproj", "{241A1E83-CEBC-402C-A552-90A461BAA102}"
EndProject
Global
	GlobalSection(SolutionConfigurationPlatforms) = preSolution
		Debug|Any CPU = Debug|Any CPU
		Release|Any CPU = Release|Any CPU
	EndGlobalSection
	GlobalSection(ProjectConfigurationPlatforms) = postSolution
		{FABEBB54-7E6E-4DCD-A4A3-D713EA38731B}.Debug|Any CPU.ActiveCfg = Debug|Any CPU
		{FABEBB54-7E6E-4DCD-A4A3-D713EA38731B}.Debug|Any CPU.Build.0 = Debug|Any CPU
		{FABEBB54-7E6E-4DCD-A4A3-D713EA38731B}.Release|Any CPU.ActiveCfg = Release|Any CPU
		{FABEBB54-7E6E-4DCD-A4A3-D713EA38731B}.Release|Any CPU.Build.0 = Release|Any CPU
		{241A1E83-CEBC-402C-A552-90A461BAA102}.Debug|Any CPU.ActiveCfg = Debug|Any CPU
		{241A1E83-CEBC-402C-A552-90A461BAA102}.Debug|Any CPU.Build.0 = Debug|Any CPU
		{241A1E83-CEBC-402C-A552-90A461BAA102}.Release|Any CPU.ActiveCfg = Release|Any CPU
		{241A1E83-CEBC-402C-A552-90A461BAA102}.Release|Any CPU.Build.0 = Release|Any CPU
	EndGlobalSection
	GlobalSection(SolutionProperties) = preSolution
		HideSolutionNode = FALSE
	EndGlobalSection
EndGlobal
